
Microsoft Visual Studio Solution File, Format Version 12.00
# Visual Studio Version 16
VisualStudioVersion = 16.0.29613.14
MinimumVisualStudioVersion = 10.0.40219.1
Project("{9A19103F-16F7-4668-BE54-9A1E7A4F7556}") = "WEBWORK.WEB1", "WEBWORK.WEB1\WEBWORK.WEB1.csproj", "{4DA05D40-D286-4F16-B6DE-199B3B062795}"
EndProject
Project("{9A19103F-16F7-4668-BE54-9A1E7A4F7556}") = "WEBWORK.WEB2", "WEBWORK.WEB2\WEBWORK.WEB2.csproj", "{C0F34C3A-0CF8-4B3A-9A80-BE3860E25020}"
EndProject
Project("{9A19103F-16F7-4668-BE54-9A1E7A4F7556}") = "WEBWORK.WEB3", "WEBWORK.WEB3\WEBWORK.WEB3.csproj", "{F53DC081-30DD-42A3-B9EB-07606B43D416}"
EndProject
Project("{9A19103F-16F7-4668-BE54-9A1E7A4F7556}") = "WEBWORK.DATA", "WEBWORK.DATA\WEBWORK.DATA.csproj", "{E3DFA9EC-7F8A-4038-BD0F-28CF89D3CB9C}"
EndProject
Project("{FAE04EC0-301F-11D3-BF4B-00C04F79EFBC}") = "WEBWORK.CONSOLE", "WEBWORK.CONSOLE\WEBWORK.CONSOLE.csproj", "{81946563-25BE-4764-8DDD-A64E4B7BEDB0}"
EndProject
Global
	GlobalSection(SolutionConfigurationPlatforms) = preSolution
		Debug|Any CPU = Debug|Any CPU
		Release|Any CPU = Release|Any CPU
	EndGlobalSection
	GlobalSection(ProjectConfigurationPlatforms) = postSolution
		{4DA05D40-D286-4F16-B6DE-199B3B062795}.Debug|Any CPU.ActiveCfg = Debug|Any CPU
		{4DA05D40-D286-4F16-B6DE-199B3B062795}.Debug|Any CPU.Build.0 = Debug|Any CPU
		{4DA05D40-D286-4F16-B6DE-199B3B062795}.Release|Any CPU.ActiveCfg = Release|Any CPU
		{4DA05D40-D286-4F16-B6DE-199B3B062795}.Release|Any CPU.Build.0 = Release|Any CPU
		{C0F34C3A-0CF8-4B3A-9A80-BE3860E25020}.Debug|Any CPU.ActiveCfg = Debug|Any CPU
		{C0F34C3A-0CF8-4B3A-9A80-BE3860E25020}.Debug|Any CPU.Build.0 = Debug|Any CPU
		{C0F34C3A-0CF8-4B3A-9A80-BE3860E25020}.Release|Any CPU.ActiveCfg = Release|Any CPU
		{C0F34C3A-0CF8-4B3A-9A80-BE3860E25020}.Release|Any CPU.Build.0 = Release|Any CPU
		{F53DC081-30DD-42A3-B9EB-07606B43D416}.Debug|Any CPU.ActiveCfg = Debug|Any CPU
		{F53DC081-30DD-42A3-B9EB-07606B43D416}.Debug|Any CPU.Build.0 = Debug|Any CPU
		{F53DC081-30DD-42A3-B9EB-07606B43D416}.Release|Any CPU.ActiveCfg = Release|Any CPU
		{F53DC081-30DD-42A3-B9EB-07606B43D416}.Release|Any CPU.Build.0 = Release|Any CPU
		{E3DFA9EC-7F8A-4038-BD0F-28CF89D3CB9C}.Debug|Any CPU.ActiveCfg = Debug|Any CPU
		{E3DFA9EC-7F8A-4038-BD0F-28CF89D3CB9C}.Debug|Any CPU.Build.0 = Debug|Any CPU
		{E3DFA9EC-7F8A-4038-BD0F-28CF89D3CB9C}.Release|Any CPU.ActiveCfg = Release|Any CPU
		{E3DFA9EC-7F8A-4038-BD0F-28CF89D3CB9C}.Release|Any CPU.Build.0 = Release|Any CPU
		{81946563-25BE-4764-8DDD-A64E4B7BEDB0}.Debug|Any CPU.ActiveCfg = Debug|Any CPU
		{81946563-25BE-4764-8DDD-A64E4B7BEDB0}.Debug|Any CPU.Build.0 = Debug|Any CPU
		{81946563-25BE-4764-8DDD-A64E4B7BEDB0}.Release|Any CPU.ActiveCfg = Release|Any CPU
		{81946563-25BE-4764-8DDD-A64E4B7BEDB0}.Release|Any CPU.Build.0 = Release|Any CPU
	EndGlobalSection
	GlobalSection(SolutionProperties) = preSolution
		HideSolutionNode = FALSE
	EndGlobalSection
	GlobalSection(ExtensibilityGlobals) = postSolution
		SolutionGuid = {6F25BED8-CBC2-4FE4-A1C6-128CF6BFD5A4}
	EndGlobalSection
EndGlobal
